github.com/ahmetb/go-linq v3.0.0+incompatible h1:qQkjjOXKrKOTy83X8OpRmnKflXKQIL/mC/gMVVDMhOA=
github.com/ahmetb/go-linq v3.0.0+incompatible/go.mod h1:PFffvbdbtw+QTB0WKRP0cNht7vnCfnGlEpak/DVg5cY=
github.com/google/go-querystring v1.0.0 h1:Xkwi/a1rcvNg1PPYe5vI8GbeBY/jrVuDX5ASuANWTrk=
github.com/google/go-querystring v1.0.0/go.mod h1:odCYkC5MyYFN7vkCjXpyrEuKhc/BUO6wN/zVPAxq5ck=
github.com/jason0x43/go-toggl v0.0.0-20191006134724-98db1b5443ff h1:RvGZnry47UtcOpANL7vM2BCSWXs9ILXAyrQQP5i3oNQ=
github.com/jason0x43/go-toggl v0.0.0-20191006134724-98db1b5443ff/go.mod h1:f3LrObBTMa7Yh1QzNvHKazJjH3Ys8n95y9bwLoIFy/g=
github.com/kyoh86/go-docbase v0.0.1 h1:sHfk/WYy32KZSh+GtQNcbpZb1GTEstzT0XqZ7XcYQO0=
github.com/kyoh86/go-docbase v0.0.1/go.mod h1:uWq2Wr0ayEbAMy9zw5SP1D5MXHrdUlg6T1l04D6Cckg=
github.com/kyoh86/go-docbase/v2 v2.0.1 h1:cm+gyckfy4YQYrzzjSZ4kXm7aJeVHIDx2ojAb/WEs0c=
github.com/kyoh86/go-docbase/v2 v2.0.1/go.mod h1:K3my27uzgGJdEJdQD8PLeOf6qgAhCjB/baP/66eENI8=
github.com/snabb/isoweek v1.0.0 h1:ghiIyyycuIZ1IWXmuk4FtcyTnfyDyQZ0x64iZmD/nMQ=
github.com/snabb/isoweek v1.0.0/go.mod h1:CAijAxH7NMgjqGc9baHMDE4sTHMt4B/f6X/XLiEE1iA=
